
Microsoft Visual Studio Solution File, Format Version 12.00
Project("{FAE04EC0-301F-11D3-BF4B-00C04F79EFBC}") = "Serialize", "Serialize\Serialize.csproj", "{B6D3F306-373D-41A7-B8D3-934383568906}"
EndProject
Global
	GlobalSection(SolutionConfigurationPlatforms) = preSolution
		Debug|Any CPU = Debug|Any CPU
		Release|Any CPU = Release|Any CPU
	EndGlobalSection
	GlobalSection(ProjectConfigurationPlatforms) = postSolution
		{B6D3F306-373D-41A7-B8D3-934383568906}.Debug|Any CPU.ActiveCfg = Debug|Any CPU
		{B6D3F306-373D-41A7-B8D3-934383568906}.Debug|Any CPU.Build.0 = Debug|Any CPU
		{B6D3F306-373D-41A7-B8D3-934383568906}.Release|Any CPU.ActiveCfg = Release|Any CPU
		{B6D3F306-373D-41A7-B8D3-934383568906}.Release|Any CPU.Build.0 = Release|Any CPU
	EndGlobalSection
EndGlobal
